
Microsoft Visual Studio Solution File, Format Version 12.00
# Visual Studio Version 16
VisualStudioVersion = 16.0.30517.126
MinimumVisualStudioVersion = 10.0.40219.1
Project("{FAE04EC0-301F-11D3-BF4B-00C04F79EFBC}") = "Grimaldi.Leonardo.4J.PortaMonete", "Grimaldi.Leonardo.4J.PortaMonete\Grimaldi.Leonardo.4J.PortaMonete.csproj", "{AA013400-A69D-4C32-89D0-83A2AB88ECD5}"
EndProject
Global
	GlobalSection(SolutionConfigurationPlatforms) = preSolution
		Debug|Any CPU = Debug|Any CPU
		Release|Any CPU = Release|Any CPU
	EndGlobalSection
	GlobalSection(ProjectConfigurationPlatforms) = postSolution
		{AA013400-A69D-4C32-89D0-83A2AB88ECD5}.Debug|Any CPU.ActiveCfg = Debug|Any CPU
		{AA013400-A69D-4C32-89D0-83A2AB88ECD5}.Debug|Any CPU.Build.0 = Debug|Any CPU
		{AA013400-A69D-4C32-89D0-83A2AB88ECD5}.Release|Any CPU.ActiveCfg = Release|Any CPU
		{AA013400-A69D-4C32-89D0-83A2AB88ECD5}.Release|Any CPU.Build.0 = Release|Any CPU
	EndGlobalSection
	GlobalSection(SolutionProperties) = preSolution
		HideSolutionNode = FALSE
	EndGlobalSection
	GlobalSection(ExtensibilityGlobals) = postSolution
		SolutionGuid = {2BFD2086-71CB-4289-A1BD-656F6FEA6E3C}
	EndGlobalSection
EndGlobal
