
Microsoft Visual Studio Solution File, Format Version 12.00
# Visual Studio Version 16
VisualStudioVersion = 16.0.30517.126
MinimumVisualStudioVersion = 10.0.40219.1
Project("{FAE04EC0-301F-11D3-BF4B-00C04F79EFBC}") = "Grimaldi.Leonardo.4J.ListaSemplice", "Grimaldi.Leonardo.4J.ListaSemplice\Grimaldi.Leonardo.4J.ListaSemplice.csproj", "{AC239DFA-EFD8-4CD7-9660-414CEBFA0696}"
EndProject
Global
	GlobalSection(SolutionConfigurationPlatforms) = preSolution
		Debug|Any CPU = Debug|Any CPU
		Release|Any CPU = Release|Any CPU
	EndGlobalSection
	GlobalSection(ProjectConfigurationPlatforms) = postSolution
		{AC239DFA-EFD8-4CD7-9660-414CEBFA0696}.Debug|Any CPU.ActiveCfg = Debug|Any CPU
		{AC239DFA-EFD8-4CD7-9660-414CEBFA0696}.Debug|Any CPU.Build.0 = Debug|Any CPU
		{AC239DFA-EFD8-4CD7-9660-414CEBFA0696}.Release|Any CPU.ActiveCfg = Release|Any CPU
		{AC239DFA-EFD8-4CD7-9660-414CEBFA0696}.Release|Any CPU.Build.0 = Release|Any CPU
	EndGlobalSection
	GlobalSection(SolutionProperties) = preSolution
		HideSolutionNode = FALSE
	EndGlobalSection
	GlobalSection(ExtensibilityGlobals) = postSolution
		SolutionGuid = {2CE2249E-5051-44E1-9C19-E243B40A39A8}
	EndGlobalSection
EndGlobal
